
Microsoft Visual Studio Solution File, Format Version 12.00
# Visual Studio Version 17
VisualStudioVersion = 17.14.36414.22 d17.14
MinimumVisualStudioVersion = 10.0.40219.1
Project("{FAE04EC0-301F-11D3-BF4B-00C04F79EFBC}") = "WordLockHack1", "WordLockHack1\WordLockHack1.csproj", "{8B7AFD2D-168B-45A2-9637-35E559E39A15}"
EndProject
Global
	GlobalSection(SolutionConfigurationPlatforms) = preSolution
		Debug|Any CPU = Debug|Any CPU
		Release|Any CPU = Release|Any CPU
	EndGlobalSection
	GlobalSection(ProjectConfigurationPlatforms) = postSolution
		{8B7AFD2D-168B-45A2-9637-35E559E39A15}.Debug|Any CPU.ActiveCfg = Debug|Any CPU
		{8B7AFD2D-168B-45A2-9637-35E559E39A15}.Debug|Any CPU.Build.0 = Debug|Any CPU
		{8B7AFD2D-168B-45A2-9637-35E559E39A15}.Release|Any CPU.ActiveCfg = Release|Any CPU
		{8B7AFD2D-168B-45A2-9637-35E559E39A15}.Release|Any CPU.Build.0 = Release|Any CPU
	EndGlobalSection
	GlobalSection(SolutionProperties) = preSolution
		HideSolutionNode = FALSE
	EndGlobalSection
	GlobalSection(ExtensibilityGlobals) = postSolution
		SolutionGuid = {62CBD7B2-F78B-489B-A6D3-15163E662FB7}
	EndGlobalSection
EndGlobal
